
Microsoft Visual Studio Solution File, Format Version 12.00
# Visual Studio Version 16
VisualStudioVersion = 16.0.28803.202
MinimumVisualStudioVersion = 10.0.40219.1
Project("{FAE04EC0-301F-11D3-BF4B-00C04F79EFBC}") = "InstaBot", "InstaBot\InstaBot.csproj", "{DC0C6195-5612-43EF-A349-99D9D3080579}"
EndProject
Project("{FAE04EC0-301F-11D3-BF4B-00C04F79EFBC}") = "TestDataService", "TestDataService\TestDataService.csproj", "{9AA98993-260A-417D-ACB9-DB6E547FB99A}"
EndProject
Project("{FAE04EC0-301F-11D3-BF4B-00C04F79EFBC}") = "Extensions", "Extensions\Extensions.csproj", "{8A96EE5C-5CBD-4F6E-86FA-374E7F760918}"
EndProject
Project("{9A19103F-16F7-4668-BE54-9A1E7A4F7556}") = "InstaSharper", "InstaSharper\InstaSharper.csproj", "{C7A2FDD0-E39E-4B27-AF11-4208FC1D574A}"
EndProject
Global
	GlobalSection(SolutionConfigurationPlatforms) = preSolution
		Debug|Any CPU = Debug|Any CPU
		Release|Any CPU = Release|Any CPU
	EndGlobalSection
	GlobalSection(ProjectConfigurationPlatforms) = postSolution
		{DC0C6195-5612-43EF-A349-99D9D3080579}.Debug|Any CPU.ActiveCfg = Debug|Any CPU
		{DC0C6195-5612-43EF-A349-99D9D3080579}.Debug|Any CPU.Build.0 = Debug|Any CPU
		{DC0C6195-5612-43EF-A349-99D9D3080579}.Release|Any CPU.ActiveCfg = Release|Any CPU
		{DC0C6195-5612-43EF-A349-99D9D3080579}.Release|Any CPU.Build.0 = Release|Any CPU
		{9AA98993-260A-417D-ACB9-DB6E547FB99A}.Debug|Any CPU.ActiveCfg = Debug|Any CPU
		{9AA98993-260A-417D-ACB9-DB6E547FB99A}.Debug|Any CPU.Build.0 = Debug|Any CPU
		{9AA98993-260A-417D-ACB9-DB6E547FB99A}.Release|Any CPU.ActiveCfg = Release|Any CPU
		{9AA98993-260A-417D-ACB9-DB6E547FB99A}.Release|Any CPU.Build.0 = Release|Any CPU
		{8A96EE5C-5CBD-4F6E-86FA-374E7F760918}.Debug|Any CPU.ActiveCfg = Debug|Any CPU
		{8A96EE5C-5CBD-4F6E-86FA-374E7F760918}.Debug|Any CPU.Build.0 = Debug|Any CPU
		{8A96EE5C-5CBD-4F6E-86FA-374E7F760918}.Release|Any CPU.ActiveCfg = Release|Any CPU
		{8A96EE5C-5CBD-4F6E-86FA-374E7F760918}.Release|Any CPU.Build.0 = Release|Any CPU
		{C7A2FDD0-E39E-4B27-AF11-4208FC1D574A}.Debug|Any CPU.ActiveCfg = Debug|Any CPU
		{C7A2FDD0-E39E-4B27-AF11-4208FC1D574A}.Debug|Any CPU.Build.0 = Debug|Any CPU
		{C7A2FDD0-E39E-4B27-AF11-4208FC1D574A}.Release|Any CPU.ActiveCfg = Release|Any CPU
		{C7A2FDD0-E39E-4B27-AF11-4208FC1D574A}.Release|Any CPU.Build.0 = Release|Any CPU
	EndGlobalSection
	GlobalSection(SolutionProperties) = preSolution
		HideSolutionNode = FALSE
	EndGlobalSection
	GlobalSection(ExtensibilityGlobals) = postSolution
		SolutionGuid = {C52AF43B-0F6D-48FE-B956-6822DF94F888}
	EndGlobalSection
EndGlobal
